
Microsoft Visual Studio Solution File, Format Version 12.00
# Visual Studio 15
Project("{FAE04EC0-301F-11D3-BF4B-00C04F79EFBC}") = "Assembly-CSharp", "Assembly-CSharp.csproj", "{EAC134D2-4C89-715E-7413-44EE3A48CFAE}"
EndProject
Project("{FAE04EC0-301F-11D3-BF4B-00C04F79EFBC}") = "Assembly-CSharp-firstpass", "Assembly-CSharp-firstpass.csproj", "{217FB781-45CD-E95E-72A9-22FC89A68AFA}"
EndProject
Global
	GlobalSection(SolutionConfigurationPlatforms) = preSolution
		Debug|Any CPU = Debug|Any CPU
		Release|Any CPU = Release|Any CPU
	EndGlobalSection
	GlobalSection(ProjectConfigurationPlatforms) = postSolution
		{EAC134D2-4C89-715E-7413-44EE3A48CFAE}.Debug|Any CPU.ActiveCfg = Debug|Any CPU
		{EAC134D2-4C89-715E-7413-44EE3A48CFAE}.Debug|Any CPU.Build.0 = Debug|Any CPU
		{EAC134D2-4C89-715E-7413-44EE3A48CFAE}.Release|Any CPU.ActiveCfg = Release|Any CPU
		{EAC134D2-4C89-715E-7413-44EE3A48CFAE}.Release|Any CPU.Build.0 = Release|Any CPU
		{217FB781-45CD-E95E-72A9-22FC89A68AFA}.Debug|Any CPU.ActiveCfg = Debug|Any CPU
		{217FB781-45CD-E95E-72A9-22FC89A68AFA}.Debug|Any CPU.Build.0 = Debug|Any CPU
		{217FB781-45CD-E95E-72A9-22FC89A68AFA}.Release|Any CPU.ActiveCfg = Release|Any CPU
		{217FB781-45CD-E95E-72A9-22FC89A68AFA}.Release|Any CPU.Build.0 = Release|Any CPU
	EndGlobalSection
	GlobalSection(SolutionProperties) = preSolution
		HideSolutionNode = FALSE
	EndGlobalSection
EndGlobal
